# THIS IS AN AUTOGENERATED FILE. DO NOT EDIT THIS FILE DIRECTLY.
# yarn lockfile v1


dotenv-defaults@^3.0.0:
  version "3.0.0"
  resolved "https://registry.yarnpkg.com/dotenv-defaults/-/dotenv-defaults-3.0.0.tgz#c7017e4d343c6baa029683222bcf783d6d23adb4"
  integrity sha512-Hjl1WzXb/Vo95ugop6NxV65JkN/v7SUN1rbDjwqsXpXLh0zppQ/yvYG7kHAAlfmEt3sJ2xjgOV5OsMDjwLeyGw==
  dependencies:
    dotenv "^10.0.0"

dotenv@^10.0.0:
  version "10.0.0"
  resolved "https://registry.yarnpkg.com/dotenv/-/dotenv-10.0.0.tgz#3d4227b8fb95f81096cdd2b66653fb2c7085ba81"
  integrity sha512-rlBi9d8jpv9Sf1klPjNfFAuWDjKLwTIJJ/VxtoTwIR6hnZxcEOQCZg2oIL3MWBYw5GpUDKOEnND7LXTbIpQ03Q==
